// !$*UTF8*$!
{
	archiveVersion = 1;
	classes = {
	};
	objectVersion = 46;
	objects = {

/* Begin PBXBuildFile section */
		1272F2621C04255E006EE9AC /* main.m in Sources */ = {isa = PBXBuildFile; fileRef = 1272F2611C04255E006EE9AC /* main.m */; };
		1272F2651C04255E006EE9AC /* AppDelegate.m in Sources */ = {isa = PBXBuildFile; fileRef = 1272F2641C04255E006EE9AC /* AppDelegate.m */; };
		1272F2681C04255E006EE9AC /* ViewController.m in Sources */ = {isa = PBXBuildFile; fileRef = 1272F2671C04255E006EE9AC /* ViewController.m */; };
		1272F27B1C04255E006EE9AC /* NSMutableURLRequestMultipartTests.m in Sources */ = {isa = PBXBuildFile; fileRef = 1272F27A1C04255E006EE9AC /* NSMutableURLRequestMultipartTests.m */; };
		1272F2871C0425C2006EE9AC /* NSMutableURLRequest+Multipart.m in Sources */ = {isa = PBXBuildFile; fileRef = 1272F2861C0425C2006EE9AC /* NSMutableURLRequest+Multipart.m */; };
		1272F2891C042609006EE9AC /* Lenna.png in Resources */ = {isa = PBXBuildFile; fileRef = 1272F2881C042609006EE9AC /* Lenna.png */; };
/* End PBXBuildFile section */

/* Begin PBXContainerItemProxy section */
		1272F2771C04255E006EE9AC /* PBXContainerItemProxy */ = {
			isa = PBXContainerItemProxy;
			containerPortal = 1272F2551C04255E006EE9AC /* Project object */;
			proxyType = 1;
			remoteGlobalIDString = 1272F25C1C04255E006EE9AC;
			remoteInfo = NSMutableURLRequestMultipart;
		};
/* End PBXContainerItemProxy section */

/* Begin PBXFileReference section */
		1272F25D1C04255E006EE9AC /* NSMutableURLRequestMultipart.app */ = {isa = PBXFileReference; explicitFileType = wrapper.application; includeInIndex = 0; path = NSMutableURLRequestMultipart.app; sourceTree = BUILT_PRODUCTS_DIR; };
		1272F2611C04255E006EE9AC /* main.m */ = {isa = PBXFileReference; lastKnownFileType = sourcecode.c.objc; path = main.m; sourceTree = "<group>"; };
		1272F2631C04255E006EE9AC /* AppDelegate.h */ = {isa = PBXFileReference; lastKnownFileType = sourcecode.c.h; path = AppDelegate.h; sourceTree = "<group>"; };
		1272F2641C04255E006EE9AC /* AppDelegate.m */ = {isa = PBXFileReference; lastKnownFileType = sourcecode.c.objc; path = AppDelegate.m; sourceTree = "<group>"; };
		1272F2661C04255E006EE9AC /* ViewController.h */ = {isa = PBXFileReference; lastKnownFileType = sourcecode.c.h; path = ViewController.h; sourceTree = "<group>"; };
		1272F2671C04255E006EE9AC /* ViewController.m */ = {isa = PBXFileReference; lastKnownFileType = sourcecode.c.objc; path = ViewController.m; sourceTree = "<group>"; };
		1272F2711C04255E006EE9AC /* Info.plist */ = {isa = PBXFileReference; lastKnownFileType = text.plist.xml; path = Info.plist; sourceTree = "<group>"; };
		1272F2761C04255E006EE9AC /* NSMutableURLRequestMultipartTests.xctest */ = {isa = PBXFileReference; explicitFileType = wrapper.cfbundle; includeInIndex = 0; path = NSMutableURLRequestMultipartTests.xctest; sourceTree = BUILT_PRODUCTS_DIR; };
		1272F27A1C04255E006EE9AC /* NSMutableURLRequestMultipartTests.m */ = {isa = PBXFileReference; lastKnownFileType = sourcecode.c.objc; path = NSMutableURLRequestMultipartTests.m; sourceTree = "<group>"; };
		1272F27C1C04255E006EE9AC /* Info.plist */ = {isa = PBXFileReference; lastKnownFileType = text.plist.xml; path = Info.plist; sourceTree = "<group>"; };
		1272F2851C0425C2006EE9AC /* NSMutableURLRequest+Multipart.h */ = {isa = PBXFileReference; fileEncoding = 4; lastKnownFileType = sourcecode.c.h; path = "NSMutableURLRequest+Multipart.h"; sourceTree = "<group>"; };
		1272F2861C0425C2006EE9AC /* NSMutableURLRequest+Multipart.m */ = {isa = PBXFileReference; fileEncoding = 4; lastKnownFileType = sourcecode.c.objc; path = "NSMutableURLRequest+Multipart.m"; sourceTree = "<group>"; };
		1272F2881C042609006EE9AC /* Lenna.png */ = {isa = PBXFileReference; lastKnownFileType = image.png; path = Lenna.png; sourceTree = "<group>"; };
/* End PBXFileReference section */

/* Begin PBXFrameworksBuildPhase section */
		1272F25A1C04255E006EE9AC /* Frameworks */ = {
			isa = PBXFrameworksBuildPhase;
			buildActionMask = 2147483647;
			files = (
			);
			runOnlyForDeploymentPostprocessing = 0;
		};
		1272F2731C04255E006EE9AC /* Frameworks */ = {
			isa = PBXFrameworksBuildPhase;
			buildActionMask = 2147483647;
			files = (
			);
			runOnlyForDeploymentPostprocessing = 0;
		};
/* End PBXFrameworksBuildPhase section */

/* Begin PBXGroup section */
		1272F2541C04255E006EE9AC = {
			isa = PBXGroup;
			children = (
				1272F25F1C04255E006EE9AC /* NSMutableURLRequestMultipart */,
				1272F2791C04255E006EE9AC /* NSMutableURLRequestMultipartTests */,
				1272F25E1C04255E006EE9AC /* Products */,
			);
			sourceTree = "<group>";
		};
		1272F25E1C04255E006EE9AC /* Products */ = {
			isa = PBXGroup;
			children = (
				1272F25D1C04255E006EE9AC /* NSMutableURLRequestMultipart.app */,
				1272F2761C04255E006EE9AC /* NSMutableURLRequestMultipartTests.xctest */,
			);
			name = Products;
			sourceTree = "<group>";
		};
		1272F25F1C04255E006EE9AC /* NSMutableURLRequestMultipart */ = {
			isa = PBXGroup;
			children = (
				1272F2631C04255E006EE9AC /* AppDelegate.h */,
				1272F2641C04255E006EE9AC /* AppDelegate.m */,
				1272F2851C0425C2006EE9AC /* NSMutableURLRequest+Multipart.h */,
				1272F2861C0425C2006EE9AC /* NSMutableURLRequest+Multipart.m */,
				1272F2661C04255E006EE9AC /* ViewController.h */,
				1272F2671C04255E006EE9AC /* ViewController.m */,
				1272F2711C04255E006EE9AC /* Info.plist */,
				1272F2881C042609006EE9AC /* Lenna.png */,
				1272F2601C04255E006EE9AC /* Supporting Files */,
			);
			path = NSMutableURLRequestMultipart;
			sourceTree = "<group>";
		};
		1272F2601C04255E006EE9AC /* Supporting Files */ = {
			isa = PBXGroup;
			children = (
				1272F2611C04255E006EE9AC /* main.m */,
			);
			name = "Supporting Files";
			sourceTree = "<group>";
		};
		1272F2791C04255E006EE9AC /* NSMutableURLRequestMultipartTests */ = {
			isa = PBXGroup;
			children = (
				1272F27A1C04255E006EE9AC /* NSMutableURLRequestMultipartTests.m */,
				1272F27C1C04255E006EE9AC /* Info.plist */,
			);
			path = NSMutableURLRequestMultipartTests;
			sourceTree = "<group>";
		};
/* End PBXGroup section */

/* Begin PBXNativeTarget section */
		1272F25C1C04255E006EE9AC /* NSMutableURLRequestMultipart */ = {
			isa = PBXNativeTarget;
			buildConfigurationList = 1272F27F1C04255E006EE9AC /* Build configuration list for PBXNativeTarget "NSMutableURLRequestMultipart" */;
			buildPhases = (
				1272F2591C04255E006EE9AC /* Sources */,
				1272F25A1C04255E006EE9AC /* Frameworks */,
				1272F25B1C04255E006EE9AC /* Resources */,
			);
			buildRules = (
			);
			dependencies = (
			);
			name = NSMutableURLRequestMultipart;
			productName = NSMutableURLRequestMultipart;
			productReference = 1272F25D1C04255E006EE9AC /* NSMutableURLRequestMultipart.app */;
			productType = "com.apple.product-type.application";
		};
		1272F2751C04255E006EE9AC /* NSMutableURLRequestMultipartTests */ = {
			isa = PBXNativeTarget;
			buildConfigurationList = 1272F2821C04255E006EE9AC /* Build configuration list for PBXNativeTarget "NSMutableURLRequestMultipartTests" */;
			buildPhases = (
				1272F2721C04255E006EE9AC /* Sources */,
				1272F2731C04255E006EE9AC /* Frameworks */,
				1272F2741C04255E006EE9AC /* Resources */,
			);
			buildRules = (
			);
			dependencies = (
				1272F2781C04255E006EE9AC /* PBXTargetDependency */,
			);
			name = NSMutableURLRequestMultipartTests;
			productName = NSMutableURLRequestMultipartTests;
			productReference = 1272F2761C04255E006EE9AC /* NSMutableURLRequestMultipartTests.xctest */;
			productType = "com.apple.product-type.bundle.unit-test";
		};
/* End PBXNativeTarget section */

/* Begin PBXProject section */
		1272F2551C04255E006EE9AC /* Project object */ = {
			isa = PBXProject;
			attributes = {
				LastUpgradeCheck = 0710;
				ORGANIZATIONNAME = "Stamp inc";
				TargetAttributes = {
					1272F25C1C04255E006EE9AC = {
						CreatedOnToolsVersion = 7.1.1;
					};
					1272F2751C04255E006EE9AC = {
						CreatedOnToolsVersion = 7.1.1;
						TestTargetID = 1272F25C1C04255E006EE9AC;
					};
				};
			};
			buildConfigurationList = 1272F2581C04255E006EE9AC /* Build configuration list for PBXProject "NSMutableURLRequestMultipart" */;
			compatibilityVersion = "Xcode 3.2";
			developmentRegion = English;
			hasScannedForEncodings = 0;
			knownRegions = (
				en,
				Base,
			);
			mainGroup = 1272F2541C04255E006EE9AC;
			productRefGroup = 1272F25E1C04255E006EE9AC /* Products */;
			projectDirPath = "";
			projectRoot = "";
			targets = (
				1272F25C1C04255E006EE9AC /* NSMutableURLRequestMultipart */,
				1272F2751C04255E006EE9AC /* NSMutableURLRequestMultipartTests */,
			);
		};
/* End PBXProject section */

/* Begin PBXResourcesBuildPhase section */
		1272F25B1C04255E006EE9AC /* Resources */ = {
			isa = PBXResourcesBuildPhase;
			buildActionMask = 2147483647;
			files = (
				1272F2891C042609006EE9AC /* Lenna.png in Resources */,
			);
			runOnlyForDeploymentPostprocessing = 0;
		};
		1272F2741C04255E006EE9AC /* Resources */ = {
			isa = PBXResourcesBuildPhase;
			buildActionMask = 2147483647;
			files = (
			);
			runOnlyForDeploymentPostprocessing = 0;
		};
/* End PBXResourcesBuildPhase section */

/* Begin PBXSourcesBuildPhase section */
		1272F2591C04255E006EE9AC /* Sources */ = {
			isa = PBXSourcesBuildPhase;
			buildActionMask = 2147483647;
			files = (
				1272F2681C04255E006EE9AC /* ViewController.m in Sources */,
				1272F2651C04255E006EE9AC /* AppDelegate.m in Sources */,
				1272F2871C0425C2006EE9AC /* NSMutableURLRequest+Multipart.m in Sources */,
				1272F2621C04255E006EE9AC /* main.m in Sources */,
			);
			runOnlyForDeploymentPostprocessing = 0;
		};
		1272F2721C04255E006EE9AC /* Sources */ = {
			isa = PBXSourcesBuildPhase;
			buildActionMask = 2147483647;
			files = (
				1272F27B1C04255E006EE9AC /* NSMutableURLRequestMultipartTests.m in Sources */,
			);
			runOnlyForDeploymentPostprocessing = 0;
		};
/* End PBXSourcesBuildPhase section */

/* Begin PBXTargetDependency section */
		1272F2781C04255E006EE9AC /* PBXTargetDependency */ = {
			isa = PBXTargetDependency;
			target = 1272F25C1C04255E006EE9AC /* NSMutableURLRequestMultipart */;
			targetProxy = 1272F2771C04255E006EE9AC /* PBXContainerItemProxy */;
		};
/* End PBXTargetDependency section */

/* Begin XCBuildConfiguration section */
		1272F27D1C04255E006EE9AC /* Debug */ = {
			isa = XCBuildConfiguration;
			buildSettings = {
				ALWAYS_SEARCH_USER_PATHS = NO;
				CLANG_CXX_LANGUAGE_STANDARD = "gnu++0x";
				CLANG_CXX_LIBRARY = "libc++";
				CLANG_ENABLE_MODULES = YES;
				CLANG_ENABLE_OBJC_ARC = YES;
				CLANG_WARN_BOOL_CONVERSION = YES;
				CLANG_WARN_CONSTANT_CONVERSION = YES;
				CLANG_WARN_DIRECT_OBJC_ISA_USAGE = YES_ERROR;
				CLANG_WARN_EMPTY_BODY = YES;
				CLANG_WARN_ENUM_CONVERSION = YES;
				CLANG_WARN_INT_CONVERSION = YES;
				CLANG_WARN_OBJC_ROOT_CLASS = YES_ERROR;
				CLANG_WARN_UNREACHABLE_CODE = YES;
				CLANG_WARN__DUPLICATE_METHOD_MATCH = YES;
				"CODE_SIGN_IDENTITY[sdk=iphoneos*]" = "iPhone Developer";
				COPY_PHASE_STRIP = NO;
				DEBUG_INFORMATION_FORMAT = dwarf;
				ENABLE_STRICT_OBJC_MSGSEND = YES;
				ENABLE_TESTABILITY = YES;
				GCC_C_LANGUAGE_STANDARD = gnu99;
				GCC_DYNAMIC_NO_PIC = NO;
				GCC_NO_COMMON_BLOCKS = YES;
				GCC_OPTIMIZATION_LEVEL = 0;
				GCC_PREPROCESSOR_DEFINITIONS = (
					"DEBUG=1",
					"$(inherited)",
				);
				GCC_WARN_64_TO_32_BIT_CONVERSION = YES;
				GCC_WARN_ABOUT_RETURN_TYPE = YES_ERROR;
				GCC_WARN_UNDECLARED_SELECTOR = YES;
				GCC_WARN_UNINITIALIZED_AUTOS = YES_AGGRESSIVE;
				GCC_WARN_UNUSED_FUNCTION = YES;
				GCC_WARN_UNUSED_VARIABLE = YES;
				IPHONEOS_DEPLOYMENT_TARGET = 9.1;
				MTL_ENABLE_DEBUG_INFO = YES;
				ONLY_ACTIVE_ARCH = YES;
				SDKROOT = iphoneos;
			};
			name = Debug;
		};
		1272F27E1C04255E006EE9AC /* Release */ = {
			isa = XCBuildConfiguration;
			buildSettings = {
				ALWAYS_SEARCH_USER_PATHS = NO;
				CLANG_CXX_LANGUAGE_STANDARD = "gnu++0x";
				CLANG_CXX_LIBRARY = "libc++";
				CLANG_ENABLE_MODULES = YES;
				CLANG_ENABLE_OBJC_ARC = YES;
				CLANG_WARN_BOOL_CONVERSION = YES;
				CLANG_WARN_CONSTANT_CONVERSION = YES;
				CLANG_WARN_DIRECT_OBJC_ISA_USAGE = YES_ERROR;
				CLANG_WARN_EMPTY_BODY = YES;
				CLANG_WARN_ENUM_CONVERSION = YES;
				CLANG_WARN_INT_CONVERSION = YES;
				CLANG_WARN_OBJC_ROOT_CLASS = YES_ERROR;
				CLANG_WARN_UNREACHABLE_CODE = YES;
				CLANG_WARN__DUPLICATE_METHOD_MATCH = YES;
				"CODE_SIGN_IDENTITY[sdk=iphoneos*]" = "iPhone Developer";
				COPY_PHASE_STRIP = NO;
				DEBUG_INFORMATION_FORMAT = "dwarf-with-dsym";
				ENABLE_NS_ASSERTIONS = NO;
				ENABLE_STRICT_OBJC_MSGSEND = YES;
				GCC_C_LANGUAGE_STANDARD = gnu99;
				GCC_NO_COMMON_BLOCKS = YES;
				GCC_WARN_64_TO_32_BIT_CONVERSION = YES;
				GCC_WARN_ABOUT_RETURN_TYPE = YES_ERROR;
				GCC_WARN_UNDECLARED_SELECTOR = YES;
				GCC_WARN_UNINITIALIZED_AUTOS = YES_AGGRESSIVE;
				GCC_WARN_UNUSED_FUNCTION = YES;
				GCC_WARN_UNUSED_VARIABLE = YES;
				IPHONEOS_DEPLOYMENT_TARGET = 9.1;
				MTL_ENABLE_DEBUG_INFO = NO;
				SDKROOT = iphoneos;
				VALIDATE_PRODUCT = YES;
			};
			name = Release;
		};
		1272F2801C04255E006EE9AC /* Debug */ = {
			isa = XCBuildConfiguration;
			buildSettings = {
				ASSETCATALOG_COMPILER_APPICON_NAME = AppIcon;
				INFOPLIST_FILE = NSMutableURLRequestMultipart/Info.plist;
				LD_RUNPATH_SEARCH_PATHS = "$(inherited) @executable_path/Frameworks";
				PRODUCT_BUNDLE_IDENTIFIER = inc.stamp.NSMutableURLRequestMultipart;
				PRODUCT_NAME = "$(TARGET_NAME)";
			};
			name = Debug;
		};
		1272F2811C04255E006EE9AC /* Release */ = {
			isa = XCBuildConfiguration;
			buildSettings = {
				ASSETCATALOG_COMPILER_APPICON_NAME = AppIcon;
				INFOPLIST_FILE = NSMutableURLRequestMultipart/Info.plist;
				LD_RUNPATH_SEARCH_PATHS = "$(inherited) @executable_path/Frameworks";
				PRODUCT_BUNDLE_IDENTIFIER = inc.stamp.NSMutableURLRequestMultipart;
				PRODUCT_NAME = "$(TARGET_NAME)";
			};
			name = Release;
		};
		1272F2831C04255E006EE9AC /* Debug */ = {
			isa = XCBuildConfiguration;
			buildSettings = {
				BUNDLE_LOADER = "$(TEST_HOST)";
				INFOPLIST_FILE = NSMutableURLRequestMultipartTests/Info.plist;
				LD_RUNPATH_SEARCH_PATHS = "$(inherited) @executable_path/Frameworks @loader_path/Frameworks";
				PRODUCT_BUNDLE_IDENTIFIER = inc.stamp.NSMutableURLRequestMultipartTests;
				PRODUCT_NAME = "$(TARGET_NAME)";
				TEST_HOST = "$(BUILT_PRODUCTS_DIR)/NSMutableURLRequestMultipart.app/NSMutableURLRequestMultipart";
			};
			name = Debug;
		};
		1272F2841C04255E006EE9AC /* Release */ = {
			isa = XCBuildConfiguration;
			buildSettings = {
				BUNDLE_LOADER = "$(TEST_HOST)";
				INFOPLIST_FILE = NSMutableURLRequestMultipartTests/Info.plist;
				LD_RUNPATH_SEARCH_PATHS = "$(inherited) @executable_path/Frameworks @loader_path/Frameworks";
				PRODUCT_BUNDLE_IDENTIFIER = inc.stamp.NSMutableURLRequestMultipartTests;
				PRODUCT_NAME = "$(TARGET_NAME)";
				TEST_HOST = "$(BUILT_PRODUCTS_DIR)/NSMutableURLRequestMultipart.app/NSMutableURLRequestMultipart";
			};
			name = Release;
		};
/* End XCBuildConfiguration section */

/* Begin XCConfigurationList section */
		1272F2581C04255E006EE9AC /* Build configuration list for PBXProject "NSMutableURLRequestMultipart" */ = {
			isa = XCConfigurationList;
			buildConfigurations = (
				1272F27D1C04255E006EE9AC /* Debug */,
				1272F27E1C04255E006EE9AC /* Release */,
			);
			defaultConfigurationIsVisible = 0;
			defaultConfigurationName = Release;
		};
		1272F27F1C04255E006EE9AC /* Build configuration list for PBXNativeTarget "NSMutableURLRequestMultipart" */ = {
			isa = XCConfigurationList;
			buildConfigurations = (
				1272F2801C04255E006EE9AC /* Debug */,
				1272F2811C04255E006EE9AC /* Release */,
			);
			defaultConfigurationIsVisible = 0;
		};
		1272F2821C04255E006EE9AC /* Build configuration list for PBXNativeTarget "NSMutableURLRequestMultipartTests" */ = {
			isa = XCConfigurationList;
			buildConfigurations = (
				1272F2831C04255E006EE9AC /* Debug */,
				1272F2841C04255E006EE9AC /* Release */,
			);
			defaultConfigurationIsVisible = 0;
		};
/* End XCConfigurationList section */
	};
	rootObject = 1272F2551C04255E006EE9AC /* Project object */;
}
